// !$*UTF8*$!
{
	archiveVersion = 1;
	classes = {
	};
	objectVersion = 77;
	objects = {

/* Begin PBXContainerItemProxy section */
		874950462DA57F68005C8CBE /* PBXContainerItemProxy */ = {
			isa = PBXContainerItemProxy;
			containerPortal = 874950272DA57F66005C8CBE /* Project object */;
			proxyType = 1;
			remoteGlobalIDString = 8749502E2DA57F66005C8CBE;
			remoteInfo = MyDiscoveryRoute;
		};
		874950502DA57F68005C8CBE /* PBXContainerItemProxy */ = {
			isa = PBXContainerItemProxy;
			containerPortal = 874950272DA57F66005C8CBE /* Project object */;
			proxyType = 1;
			remoteGlobalIDString = 8749502E2DA57F66005C8CBE;
			remoteInfo = MyDiscoveryRoute;
		};
/* End PBXContainerItemProxy section */

/* Begin PBXFileReference section */
		8749502F2DA57F66005C8CBE /* MyDiscoveryRoute.app */ = {isa = PBXFileReference; explicitFileType = wrapper.application; includeInIndex = 0; path = MyDiscoveryRoute.app; sourceTree = BUILT_PRODUCTS_DIR; };
		874950452DA57F68005C8CBE /* MyDiscoveryRouteTests.xctest */ = {isa = PBXFileReference; explicitFileType = wrapper.cfbundle; includeInIndex = 0; path = MyDiscoveryRouteTests.xctest; sourceTree = BUILT_PRODUCTS_DIR; };
		8749504F2DA57F68005C8CBE /* MyDiscoveryRouteUITests.xctest */ = {isa = PBXFileReference; explicitFileType = wrapper.cfbundle; includeInIndex = 0; path = MyDiscoveryRouteUITests.xctest; sourceTree = BUILT_PRODUCTS_DIR; };
/* End PBXFileReference section */

/* Begin PBXFileSystemSynchronizedBuildFileExceptionSet section */
		874950572DA57F68005C8CBE /* Exceptions for "MyDiscoveryRoute" folder in "MyDiscoveryRoute" target */ = {
			isa = PBXFileSystemSynchronizedBuildFileExceptionSet;
			membershipExceptions = (
				Info.plist,
			);
			target = 8749502E2DA57F66005C8CBE /* MyDiscoveryRoute */;
		};
/* End PBXFileSystemSynchronizedBuildFileExceptionSet section */

/* Begin PBXFileSystemSynchronizedRootGroup section */
		874950312DA57F66005C8CBE /* MyDiscoveryRoute */ = {
			isa = PBXFileSystemSynchronizedRootGroup;
			exceptions = (
				874950572DA57F68005C8CBE /* Exceptions for "MyDiscoveryRoute" folder in "MyDiscoveryRoute" target */,
			);
			path = MyDiscoveryRoute;
			sourceTree = "<group>";
		};
		874950482DA57F68005C8CBE /* MyDiscoveryRouteTests */ = {
			isa = PBXFileSystemSynchronizedRootGroup;
			path = MyDiscoveryRouteTests;
			sourceTree = "<group>";
		};
		874950522DA57F68005C8CBE /* MyDiscoveryRouteUITests */ = {
			isa = PBXFileSystemSynchronizedRootGroup;
			path = MyDiscoveryRouteUITests;
			sourceTree = "<group>";
		};
/* End PBXFileSystemSynchronizedRootGroup section */

/* Begin PBXFrameworksBuildPhase section */
		8749502C2DA57F66005C8CBE /* Frameworks */ = {
			isa = PBXFrameworksBuildPhase;
			buildActionMask = 2147483647;
			files = (
			);
			runOnlyForDeploymentPostprocessing = 0;
		};
		874950422DA57F68005C8CBE /* Frameworks */ = {
			isa = PBXFrameworksBuildPhase;
			buildActionMask = 2147483647;
			files = (
			);
			runOnlyForDeploymentPostprocessing = 0;
		};
		8749504C2DA57F68005C8CBE /* Frameworks */ = {
			isa = PBXFrameworksBuildPhase;
			buildActionMask = 2147483647;
			files = (
			);
			runOnlyForDeploymentPostprocessing = 0;
		};
/* End PBXFrameworksBuildPhase section */

/* Begin PBXGroup section */
		874950262DA57F66005C8CBE = {
			isa = PBXGroup;
			children = (
				874950312DA57F66005C8CBE /* MyDiscoveryRoute */,
				874950482DA57F68005C8CBE /* MyDiscoveryRouteTests */,
				874950522DA57F68005C8CBE /* MyDiscoveryRouteUITests */,
				874950302DA57F66005C8CBE /* Products */,
			);
			sourceTree = "<group>";
		};
		874950302DA57F66005C8CBE /* Products */ = {
			isa = PBXGroup;
			children = (
				8749502F2DA57F66005C8CBE /* MyDiscoveryRoute.app */,
				874950452DA57F68005C8CBE /* MyDiscoveryRouteTests.xctest */,
				8749504F2DA57F68005C8CBE /* MyDiscoveryRouteUITests.xctest */,
			);
			name = Products;
			sourceTree = "<group>";
		};
/* End PBXGroup section */

/* Begin PBXNativeTarget section */
		8749502E2DA57F66005C8CBE /* MyDiscoveryRoute */ = {
			isa = PBXNativeTarget;
			buildConfigurationList = 874950582DA57F68005C8CBE /* Build configuration list for PBXNativeTarget "MyDiscoveryRoute" */;
			buildPhases = (
				8749502B2DA57F66005C8CBE /* Sources */,
				8749502C2DA57F66005C8CBE /* Frameworks */,
				8749502D2DA57F66005C8CBE /* Resources */,
			);
			buildRules = (
			);
			dependencies = (
			);
			fileSystemSynchronizedGroups = (
				874950312DA57F66005C8CBE /* MyDiscoveryRoute */,
			);
			name = MyDiscoveryRoute;
			packageProductDependencies = (
			);
			productName = MyDiscoveryRoute;
			productReference = 8749502F2DA57F66005C8CBE /* MyDiscoveryRoute.app */;
			productType = "com.apple.product-type.application";
		};
		874950442DA57F68005C8CBE /* MyDiscoveryRouteTests */ = {
			isa = PBXNativeTarget;
			buildConfigurationList = 8749505D2DA57F68005C8CBE /* Build configuration list for PBXNativeTarget "MyDiscoveryRouteTests" */;
			buildPhases = (
				874950412DA57F68005C8CBE /* Sources */,
				874950422DA57F68005C8CBE /* Frameworks */,
				874950432DA57F68005C8CBE /* Resources */,
			);
			buildRules = (
			);
			dependencies = (
				874950472DA57F68005C8CBE /* PBXTargetDependency */,
			);
			fileSystemSynchronizedGroups = (
				874950482DA57F68005C8CBE /* MyDiscoveryRouteTests */,
			);
			name = MyDiscoveryRouteTests;
			packageProductDependencies = (
			);
			productName = MyDiscoveryRouteTests;
			productReference = 874950452DA57F68005C8CBE /* MyDiscoveryRouteTests.xctest */;
			productType = "com.apple.product-type.bundle.unit-test";
		};
		8749504E2DA57F68005C8CBE /* MyDiscoveryRouteUITests */ = {
			isa = PBXNativeTarget;
			buildConfigurationList = 874950602DA57F68005C8CBE /* Build configuration list for PBXNativeTarget "MyDiscoveryRouteUITests" */;
			buildPhases = (
				8749504B2DA57F68005C8CBE /* Sources */,
				8749504C2DA57F68005C8CBE /* Frameworks */,
				8749504D2DA57F68005C8CBE /* Resources */,
			);
			buildRules = (
			);
			dependencies = (
				874950512DA57F68005C8CBE /* PBXTargetDependency */,
			);
			fileSystemSynchronizedGroups = (
				874950522DA57F68005C8CBE /* MyDiscoveryRouteUITests */,
			);
			name = MyDiscoveryRouteUITests;
			packageProductDependencies = (
			);
			productName = MyDiscoveryRouteUITests;
			productReference = 8749504F2DA57F68005C8CBE /* MyDiscoveryRouteUITests.xctest */;
			productType = "com.apple.product-type.bundle.ui-testing";
		};
/* End PBXNativeTarget section */

/* Begin PBXProject section */
		874950272DA57F66005C8CBE /* Project object */ = {
			isa = PBXProject;
			attributes = {
				BuildIndependentTargetsInParallel = 1;
				LastSwiftUpdateCheck = 1610;
				LastUpgradeCheck = 1610;
				TargetAttributes = {
					8749502E2DA57F66005C8CBE = {
						CreatedOnToolsVersion = 16.1;
					};
					874950442DA57F68005C8CBE = {
						CreatedOnToolsVersion = 16.1;
						TestTargetID = 8749502E2DA57F66005C8CBE;
					};
					8749504E2DA57F68005C8CBE = {
						CreatedOnToolsVersion = 16.1;
						TestTargetID = 8749502E2DA57F66005C8CBE;
					};
				};
			};
			buildConfigurationList = 8749502A2DA57F66005C8CBE /* Build configuration list for PBXProject "MyDiscoveryRoute" */;
			developmentRegion = en;
			hasScannedForEncodings = 0;
			knownRegions = (
				en,
				Base,
			);
			mainGroup = 874950262DA57F66005C8CBE;
			minimizedProjectReferenceProxies = 1;
			preferredProjectObjectVersion = 77;
			productRefGroup = 874950302DA57F66005C8CBE /* Products */;
			projectDirPath = "";
			projectRoot = "";
			targets = (
				8749502E2DA57F66005C8CBE /* MyDiscoveryRoute */,
				874950442DA57F68005C8CBE /* MyDiscoveryRouteTests */,
				8749504E2DA57F68005C8CBE /* MyDiscoveryRouteUITests */,
			);
		};
/* End PBXProject section */

/* Begin PBXResourcesBuildPhase section */
		8749502D2DA57F66005C8CBE /* Resources */ = {
			isa = PBXResourcesBuildPhase;
			buildActionMask = 2147483647;
			files = (
			);
			runOnlyForDeploymentPostprocessing = 0;
		};
		874950432DA57F68005C8CBE /* Resources */ = {
			isa = PBXResourcesBuildPhase;
			buildActionMask = 2147483647;
			files = (
			);
			runOnlyForDeploymentPostprocessing = 0;
		};
		8749504D2DA57F68005C8CBE /* Resources */ = {
			isa = PBXResourcesBuildPhase;
			buildActionMask = 2147483647;
			files = (
			);
			runOnlyForDeploymentPostprocessing = 0;
		};
/* End PBXResourcesBuildPhase section */

/* Begin PBXSourcesBuildPhase section */
		8749502B2DA57F66005C8CBE /* Sources */ = {
			isa = PBXSourcesBuildPhase;
			buildActionMask = 2147483647;
			files = (
			);
			runOnlyForDeploymentPostprocessing = 0;
		};
		874950412DA57F68005C8CBE /* Sources */ = {
			isa = PBXSourcesBuildPhase;
			buildActionMask = 2147483647;
			files = (
			);
			runOnlyForDeploymentPostprocessing = 0;
		};
		8749504B2DA57F68005C8CBE /* Sources */ = {
			isa = PBXSourcesBuildPhase;
			buildActionMask = 2147483647;
			files = (
			);
			runOnlyForDeploymentPostprocessing = 0;
		};
/* End PBXSourcesBuildPhase section */

/* Begin PBXTargetDependency section */
		874950472DA57F68005C8CBE /* PBXTargetDependency */ = {
			isa = PBXTargetDependency;
			target = 8749502E2DA57F66005C8CBE /* MyDiscoveryRoute */;
			targetProxy = 874950462DA57F68005C8CBE /* PBXContainerItemProxy */;
		};
		874950512DA57F68005C8CBE /* PBXTargetDependency */ = {
			isa = PBXTargetDependency;
			target = 8749502E2DA57F66005C8CBE /* MyDiscoveryRoute */;
			targetProxy = 874950502DA57F68005C8CBE /* PBXContainerItemProxy */;
		};
/* End PBXTargetDependency section */

/* Begin XCBuildConfiguration section */
		874950592DA57F68005C8CBE /* Debug */ = {
			isa = XCBuildConfiguration;
			buildSettings = {
				ASSETCATALOG_COMPILER_APPICON_NAME = AppIcon;
				ASSETCATALOG_COMPILER_GLOBAL_ACCENT_COLOR_NAME = AccentColor;
				CODE_SIGN_STYLE = Automatic;
				CURRENT_PROJECT_VERSION = 1;
				DEVELOPMENT_TEAM = 4K77DVXXUM;
				GENERATE_INFOPLIST_FILE = YES;
				INFOPLIST_FILE = MyDiscoveryRoute/Info.plist;
				INFOPLIST_KEY_UIApplicationSupportsIndirectInputEvents = YES;
				INFOPLIST_KEY_UILaunchStoryboardName = LaunchScreen;
				INFOPLIST_KEY_UIMainStoryboardFile = Main;
				INFOPLIST_KEY_UISupportedInterfaceOrientations_iPad = "UIInterfaceOrientationPortrait UIInterfaceOrientationPortraitUpsideDown UIInterfaceOrientationLandscapeLeft UIInterfaceOrientationLandscapeRight";
				INFOPLIST_KEY_UISupportedInterfaceOrientations_iPhone = "UIInterfaceOrientationPortrait UIInterfaceOrientationLandscapeLeft UIInterfaceOrientationLandscapeRight";
				LD_RUNPATH_SEARCH_PATHS = (
					"$(inherited)",
					"@executable_path/Frameworks",
				);
				MARKETING_VERSION = 1.0;
				PRODUCT_BUNDLE_IDENTIFIER = com.SelinayCeylan.MyDiscoveryRoute;
				PRODUCT_NAME = "$(TARGET_NAME)";
				SWIFT_EMIT_LOC_STRINGS = YES;
				SWIFT_VERSION = 5.0;
				TARGETED_DEVICE_FAMILY = "1,2";
			};
			name = Debug;
		};
		8749505A2DA57F68005C8CBE /* Release */ = {
			isa = XCBuildConfiguration;
			buildSettings = {
				ASSETCATALOG_COMPILER_APPICON_NAME = AppIcon;
				ASSETCATALOG_COMPILER_GLOBAL_ACCENT_COLOR_NAME = AccentColor;
				CODE_SIGN_STYLE = Automatic;
				CURRENT_PROJECT_VERSION = 1;
				DEVELOPMENT_TEAM = 4K77DVXXUM;
				GENERATE_INFOPLIST_FILE = YES;
				INFOPLIST_FILE = MyDiscoveryRoute/Info.plist;
				INFOPLIST_KEY_UIApplicationSupportsIndirectInputEvents = YES;
				INFOPLIST_KEY_UILaunchStoryboardName = LaunchScreen;
				INFOPLIST_KEY_UIMainStoryboardFile = Main;
				INFOPLIST_KEY_UISupportedInterfaceOrientations_iPad = "UIInterfaceOrientationPortrait UIInterfaceOrientationPortraitUpsideDown UIInterfaceOrientationLandscapeLeft UIInterfaceOrientationLandscapeRight";
				INFOPLIST_KEY_UISupportedInterfaceOrientations_iPhone = "UIInterfaceOrientationPortrait UIInterfaceOrientationLandscapeLeft UIInterfaceOrientationLandscapeRight";
				LD_RUNPATH_SEARCH_PATHS = (
					"$(inherited)",
					"@executable_path/Frameworks",
				);
				MARKETING_VERSION = 1.0;
				PRODUCT_BUNDLE_IDENTIFIER = com.SelinayCeylan.MyDiscoveryRoute;
				PRODUCT_NAME = "$(TARGET_NAME)";
				SWIFT_EMIT_LOC_STRINGS = YES;
				SWIFT_VERSION = 5.0;
				TARGETED_DEVICE_FAMILY = "1,2";
			};
			name = Release;
		};
		8749505B2DA57F68005C8CBE /* Debug */ = {
			isa = XCBuildConfiguration;
			buildSettings = {
				ALWAYS_SEARCH_USER_PATHS = NO;
				ASSETCATALOG_COMPILER_GENERATE_SWIFT_ASSET_SYMBOL_EXTENSIONS = YES;
				CLANG_ANALYZER_NONNULL = YES;
				CLANG_ANALYZER_NUMBER_OBJECT_CONVERSION = YES_AGGRESSIVE;
				CLANG_CXX_LANGUAGE_STANDARD = "gnu++20";
				CLANG_ENABLE_MODULES = YES;
				CLANG_ENABLE_OBJC_ARC = YES;
				CLANG_ENABLE_OBJC_WEAK = YES;
				CLANG_WARN_BLOCK_CAPTURE_AUTORELEASING = YES;
				CLANG_WARN_BOOL_CONVERSION = YES;
				CLANG_WARN_COMMA = YES;
				CLANG_WARN_CONSTANT_CONVERSION = YES;
				CLANG_WARN_DEPRECATED_OBJC_IMPLEMENTATIONS = YES;
				CLANG_WARN_DIRECT_OBJC_ISA_USAGE = YES_ERROR;
				CLANG_WARN_DOCUMENTATION_COMMENTS = YES;
				CLANG_WARN_EMPTY_BODY = YES;
				CLANG_WARN_ENUM_CONVERSION = YES;
				CLANG_WARN_INFINITE_RECURSION = YES;
				CLANG_WARN_INT_CONVERSION = YES;
				CLANG_WARN_NON_LITERAL_NULL_CONVERSION = YES;
				CLANG_WARN_OBJC_IMPLICIT_RETAIN_SELF = YES;
				CLANG_WARN_OBJC_LITERAL_CONVERSION = YES;
				CLANG_WARN_OBJC_ROOT_CLASS = YES_ERROR;
				CLANG_WARN_QUOTED_INCLUDE_IN_FRAMEWORK_HEADER = YES;
				CLANG_WARN_RANGE_LOOP_ANALYSIS = YES;
				CLANG_WARN_STRICT_PROTOTYPES = YES;
				CLANG_WARN_SUSPICIOUS_MOVE = YES;
				CLANG_WARN_UNGUARDED_AVAILABILITY = YES_AGGRESSIVE;
				CLANG_WARN_UNREACHABLE_CODE = YES;
				CLANG_WARN__DUPLICATE_METHOD_MATCH = YES;
				COPY_PHASE_STRIP = NO;
				DEBUG_INFORMATION_FORMAT = dwarf;
				ENABLE_STRICT_OBJC_MSGSEND = YES;
				ENABLE_TESTABILITY = YES;
				ENABLE_USER_SCRIPT_SANDBOXING = YES;
				GCC_C_LANGUAGE_STANDARD = gnu17;
				GCC_DYNAMIC_NO_PIC = NO;
				GCC_NO_COMMON_BLOCKS = YES;
				GCC_OPTIMIZATION_LEVEL = 0;
				GCC_PREPROCESSOR_DEFINITIONS = (
					"DEBUG=1",
					"$(inherited)",
				);
				GCC_WARN_64_TO_32_BIT_CONVERSION = YES;
				GCC_WARN_ABOUT_RETURN_TYPE = YES_ERROR;
				GCC_WARN_UNDECLARED_SELECTOR = YES;
				GCC_WARN_UNINITIALIZED_AUTOS = YES_AGGRESSIVE;
				GCC_WARN_UNUSED_FUNCTION = YES;
				GCC_WARN_UNUSED_VARIABLE = YES;
				IPHONEOS_DEPLOYMENT_TARGET = 18.1;
				LOCALIZATION_PREFERS_STRING_CATALOGS = YES;
				MTL_ENABLE_DEBUG_INFO = INCLUDE_SOURCE;
				MTL_FAST_MATH = YES;
				ONLY_ACTIVE_ARCH = YES;
				SDKROOT = iphoneos;
				SWIFT_ACTIVE_COMPILATION_CONDITIONS = "DEBUG $(inherited)";
				SWIFT_OPTIMIZATION_LEVEL = "-Onone";
			};
			name = Debug;
		};
		8749505C2DA57F68005C8CBE /* Release */ = {
			isa = XCBuildConfiguration;
			buildSettings = {
				ALWAYS_SEARCH_USER_PATHS = NO;
				ASSETCATALOG_COMPILER_GENERATE_SWIFT_ASSET_SYMBOL_EXTENSIONS = YES;
				CLANG_ANALYZER_NONNULL = YES;
				CLANG_ANALYZER_NUMBER_OBJECT_CONVERSION = YES_AGGRESSIVE;
				CLANG_CXX_LANGUAGE_STANDARD = "gnu++20";
				CLANG_ENABLE_MODULES = YES;
				CLANG_ENABLE_OBJC_ARC = YES;
				CLANG_ENABLE_OBJC_WEAK = YES;
				CLANG_WARN_BLOCK_CAPTURE_AUTORELEASING = YES;
				CLANG_WARN_BOOL_CONVERSION = YES;
				CLANG_WARN_COMMA = YES;
				CLANG_WARN_CONSTANT_CONVERSION = YES;
				CLANG_WARN_DEPRECATED_OBJC_IMPLEMENTATIONS = YES;
				CLANG_WARN_DIRECT_OBJC_ISA_USAGE = YES_ERROR;
				CLANG_WARN_DOCUMENTATION_COMMENTS = YES;
				CLANG_WARN_EMPTY_BODY = YES;
				CLANG_WARN_ENUM_CONVERSION = YES;
				CLANG_WARN_INFINITE_RECURSION = YES;
				CLANG_WARN_INT_CONVERSION = YES;
				CLANG_WARN_NON_LITERAL_NULL_CONVERSION = YES;
				CLANG_WARN_OBJC_IMPLICIT_RETAIN_SELF = YES;
				CLANG_WARN_OBJC_LITERAL_CONVERSION = YES;
				CLANG_WARN_OBJC_ROOT_CLASS = YES_ERROR;
				CLANG_WARN_QUOTED_INCLUDE_IN_FRAMEWORK_HEADER = YES;
				CLANG_WARN_RANGE_LOOP_ANALYSIS = YES;
				CLANG_WARN_STRICT_PROTOTYPES = YES;
				CLANG_WARN_SUSPICIOUS_MOVE = YES;
				CLANG_WARN_UNGUARDED_AVAILABILITY = YES_AGGRESSIVE;
				CLANG_WARN_UNREACHABLE_CODE = YES;
				CLANG_WARN__DUPLICATE_METHOD_MATCH = YES;
				COPY_PHASE_STRIP = NO;
				DEBUG_INFORMATION_FORMAT = "dwarf-with-dsym";
				ENABLE_NS_ASSERTIONS = NO;
				ENABLE_STRICT_OBJC_MSGSEND = YES;
				ENABLE_USER_SCRIPT_SANDBOXING = YES;
				GCC_C_LANGUAGE_STANDARD = gnu17;
				GCC_NO_COMMON_BLOCKS = YES;
				GCC_WARN_64_TO_32_BIT_CONVERSION = YES;
				GCC_WARN_ABOUT_RETURN_TYPE = YES_ERROR;
				GCC_WARN_UNDECLARED_SELECTOR = YES;
				GCC_WARN_UNINITIALIZED_AUTOS = YES_AGGRESSIVE;
				GCC_WARN_UNUSED_FUNCTION = YES;
				GCC_WARN_UNUSED_VARIABLE = YES;
				IPHONEOS_DEPLOYMENT_TARGET = 18.1;
				LOCALIZATION_PREFERS_STRING_CATALOGS = YES;
				MTL_ENABLE_DEBUG_INFO = NO;
				MTL_FAST_MATH = YES;
				SDKROOT = iphoneos;
				SWIFT_COMPILATION_MODE = wholemodule;
				VALIDATE_PRODUCT = YES;
			};
			name = Release;
		};
		8749505E2DA57F68005C8CBE /* Debug */ = {
			isa = XCBuildConfiguration;
			buildSettings = {
				BUNDLE_LOADER = "$(TEST_HOST)";
				CODE_SIGN_STYLE = Automatic;
				CURRENT_PROJECT_VERSION = 1;
				DEVELOPMENT_TEAM = 4K77DVXXUM;
				GENERATE_INFOPLIST_FILE = YES;
				IPHONEOS_DEPLOYMENT_TARGET = 18.1;
				MARKETING_VERSION = 1.0;
				PRODUCT_BUNDLE_IDENTIFIER = com.SelinayCeylan.MyDiscoveryRouteTests;
				PRODUCT_NAME = "$(TARGET_NAME)";
				SWIFT_EMIT_LOC_STRINGS = NO;
				SWIFT_VERSION = 5.0;
				TARGETED_DEVICE_FAMILY = "1,2";
				TEST_HOST = "$(BUILT_PRODUCTS_DIR)/MyDiscoveryRoute.app/$(BUNDLE_EXECUTABLE_FOLDER_PATH)/MyDiscoveryRoute";
			};
			name = Debug;
		};
		8749505F2DA57F68005C8CBE /* Release */ = {
			isa = XCBuildConfiguration;
			buildSettings = {
				BUNDLE_LOADER = "$(TEST_HOST)";
				CODE_SIGN_STYLE = Automatic;
				CURRENT_PROJECT_VERSION = 1;
				DEVELOPMENT_TEAM = 4K77DVXXUM;
				GENERATE_INFOPLIST_FILE = YES;
				IPHONEOS_DEPLOYMENT_TARGET = 18.1;
				MARKETING_VERSION = 1.0;
				PRODUCT_BUNDLE_IDENTIFIER = com.SelinayCeylan.MyDiscoveryRouteTests;
				PRODUCT_NAME = "$(TARGET_NAME)";
				SWIFT_EMIT_LOC_STRINGS = NO;
				SWIFT_VERSION = 5.0;
				TARGETED_DEVICE_FAMILY = "1,2";
				TEST_HOST = "$(BUILT_PRODUCTS_DIR)/MyDiscoveryRoute.app/$(BUNDLE_EXECUTABLE_FOLDER_PATH)/MyDiscoveryRoute";
			};
			name = Release;
		};
		874950612DA57F68005C8CBE /* Debug */ = {
			isa = XCBuildConfiguration;
			buildSettings = {
				CODE_SIGN_STYLE = Automatic;
				CURRENT_PROJECT_VERSION = 1;
				DEVELOPMENT_TEAM = 4K77DVXXUM;
				GENERATE_INFOPLIST_FILE = YES;
				MARKETING_VERSION = 1.0;
				PRODUCT_BUNDLE_IDENTIFIER = com.SelinayCeylan.MyDiscoveryRouteUITests;
				PRODUCT_NAME = "$(TARGET_NAME)";
				SWIFT_EMIT_LOC_STRINGS = NO;
				SWIFT_VERSION = 5.0;
				TARGETED_DEVICE_FAMILY = "1,2";
				TEST_TARGET_NAME = MyDiscoveryRoute;
			};
			name = Debug;
		};
		874950622DA57F68005C8CBE /* Release */ = {
			isa = XCBuildConfiguration;
			buildSettings = {
				CODE_SIGN_STYLE = Automatic;
				CURRENT_PROJECT_VERSION = 1;
				DEVELOPMENT_TEAM = 4K77DVXXUM;
				GENERATE_INFOPLIST_FILE = YES;
				MARKETING_VERSION = 1.0;
				PRODUCT_BUNDLE_IDENTIFIER = com.SelinayCeylan.MyDiscoveryRouteUITests;
				PRODUCT_NAME = "$(TARGET_NAME)";
				SWIFT_EMIT_LOC_STRINGS = NO;
				SWIFT_VERSION = 5.0;
				TARGETED_DEVICE_FAMILY = "1,2";
				TEST_TARGET_NAME = MyDiscoveryRoute;
			};
			name = Release;
		};
/* End XCBuildConfiguration section */

/* Begin XCConfigurationList section */
		8749502A2DA57F66005C8CBE /* Build configuration list for PBXProject "MyDiscoveryRoute" */ = {
			isa = XCConfigurationList;
			buildConfigurations = (
				8749505B2DA57F68005C8CBE /* Debug */,
				8749505C2DA57F68005C8CBE /* Release */,
			);
			defaultConfigurationIsVisible = 0;
			defaultConfigurationName = Release;
		};
		874950582DA57F68005C8CBE /* Build configuration list for PBXNativeTarget "MyDiscoveryRoute" */ = {
			isa = XCConfigurationList;
			buildConfigurations = (
				874950592DA57F68005C8CBE /* Debug */,
				8749505A2DA57F68005C8CBE /* Release */,
			);
			defaultConfigurationIsVisible = 0;
			defaultConfigurationName = Release;
		};
		8749505D2DA57F68005C8CBE /* Build configuration list for PBXNativeTarget "MyDiscoveryRouteTests" */ = {
			isa = XCConfigurationList;
			buildConfigurations = (
				8749505E2DA57F68005C8CBE /* Debug */,
				8749505F2DA57F68005C8CBE /* Release */,
			);
			defaultConfigurationIsVisible = 0;
			defaultConfigurationName = Release;
		};
		874950602DA57F68005C8CBE /* Build configuration list for PBXNativeTarget "MyDiscoveryRouteUITests" */ = {
			isa = XCConfigurationList;
			buildConfigurations = (
				874950612DA57F68005C8CBE /* Debug */,
				874950622DA57F68005C8CBE /* Release */,
			);
			defaultConfigurationIsVisible = 0;
			defaultConfigurationName = Release;
		};
/* End XCConfigurationList section */
	};
	rootObject = 874950272DA57F66005C8CBE /* Project object */;
}
